
Microsoft Visual Studio Solution File, Format Version 12.00
# Visual Studio 2013
VisualStudioVersion = 12.0.31101.0
MinimumVisualStudioVersion = 10.0.40219.1
Project("{FAE04EC0-301F-11D3-BF4B-00C04F79EFBC}") = "SayHello", "SayHello\SayHello.csproj", "{CA33F9B0-A038-4446-9D78-CF1A20EF5232}"
EndProject
Project("{FAE04EC0-301F-11D3-BF4B-00C04F79EFBC}") = "GetLargestNumber", "GetLargestNumber\GetLargestNumber.csproj", "{3F591389-9C66-43F9-B820-1F6A4E3868DA}"
EndProject
Project("{FAE04EC0-301F-11D3-BF4B-00C04F79EFBC}") = "EnglishDigit", "EnglishDigit\EnglishDigit.csproj", "{B4845116-9FC9-4BB8-BF1C-1E965DE3E451}"
EndProject
Project("{FAE04EC0-301F-11D3-BF4B-00C04F79EFBC}") = "AppearanceCount", "AppearanceCount\AppearanceCount.csproj", "{DF497A82-0488-4FBF-8213-6B08D391819A}"
EndProject
Project("{FAE04EC0-301F-11D3-BF4B-00C04F79EFBC}") = "LargerThanNeighbours", "LargerThanNeighbours\LargerThanNeighbours.csproj", "{C3282D53-1FF2-400C-B985-CF0B1D19A002}"
EndProject
Project("{FAE04EC0-301F-11D3-BF4B-00C04F79EFBC}") = "FirstLargerThanNeighbours", "FirstLargerThanNeighbours\FirstLargerThanNeighbours.csproj", "{BE1700B3-5E64-4C7F-BF8C-36DEFA99762A}"
EndProject
Project("{FAE04EC0-301F-11D3-BF4B-00C04F79EFBC}") = "ReverseNumber", "ReverseNumber\ReverseNumber.csproj", "{A30EA8BB-D130-4686-8200-4148F80B8825}"
EndProject
Project("{FAE04EC0-301F-11D3-BF4B-00C04F79EFBC}") = "NumberAsArray", "NumberAsArray\NumberAsArray.csproj", "{9A4E9FF5-B932-49F5-A5A7-C64CD0A24611}"
EndProject
Project("{FAE04EC0-301F-11D3-BF4B-00C04F79EFBC}") = "SortingArray", "SortingArray\SortingArray.csproj", "{82922D0C-932D-4883-819B-84C39146C757}"
EndProject
Project("{FAE04EC0-301F-11D3-BF4B-00C04F79EFBC}") = "NFactorial", "NFactorial\NFactorial.csproj", "{9F5A9835-0C71-406A-A640-AE3A2D651FE3}"
EndProject
Project("{FAE04EC0-301F-11D3-BF4B-00C04F79EFBC}") = "AddingPolynomials", "AddingPolynomials\AddingPolynomials.csproj", "{01A2F39A-EFDB-4925-8627-45081750E63A}"
EndProject
Project("{FAE04EC0-301F-11D3-BF4B-00C04F79EFBC}") = "IntegerCalculations", "IntegerCalculations\IntegerCalculations.csproj", "{9CFFBCEE-75CD-4E68-86A1-7CF9AC6930F7}"
EndProject
Global
	GlobalSection(SolutionConfigurationPlatforms) = preSolution
		Debug|Any CPU = Debug|Any CPU
		Release|Any CPU = Release|Any CPU
	EndGlobalSection
	GlobalSection(ProjectConfigurationPlatforms) = postSolution
		{CA33F9B0-A038-4446-9D78-CF1A20EF5232}.Debug|Any CPU.ActiveCfg = Debug|Any CPU
		{CA33F9B0-A038-4446-9D78-CF1A20EF5232}.Debug|Any CPU.Build.0 = Debug|Any CPU
		{CA33F9B0-A038-4446-9D78-CF1A20EF5232}.Release|Any CPU.ActiveCfg = Release|Any CPU
		{CA33F9B0-A038-4446-9D78-CF1A20EF5232}.Release|Any CPU.Build.0 = Release|Any CPU
		{3F591389-9C66-43F9-B820-1F6A4E3868DA}.Debug|Any CPU.ActiveCfg = Debug|Any CPU
		{3F591389-9C66-43F9-B820-1F6A4E3868DA}.Debug|Any CPU.Build.0 = Debug|Any CPU
		{3F591389-9C66-43F9-B820-1F6A4E3868DA}.Release|Any CPU.ActiveCfg = Release|Any CPU
		{3F591389-9C66-43F9-B820-1F6A4E3868DA}.Release|Any CPU.Build.0 = Release|Any CPU
		{B4845116-9FC9-4BB8-BF1C-1E965DE3E451}.Debug|Any CPU.ActiveCfg = Debug|Any CPU
		{B4845116-9FC9-4BB8-BF1C-1E965DE3E451}.Debug|Any CPU.Build.0 = Debug|Any CPU
		{B4845116-9FC9-4BB8-BF1C-1E965DE3E451}.Release|Any CPU.ActiveCfg = Release|Any CPU
		{B4845116-9FC9-4BB8-BF1C-1E965DE3E451}.Release|Any CPU.Build.0 = Release|Any CPU
		{DF497A82-0488-4FBF-8213-6B08D391819A}.Debug|Any CPU.ActiveCfg = Debug|Any CPU
		{DF497A82-0488-4FBF-8213-6B08D391819A}.Debug|Any CPU.Build.0 = Debug|Any CPU
		{DF497A82-0488-4FBF-8213-6B08D391819A}.Release|Any CPU.ActiveCfg = Release|Any CPU
		{DF497A82-0488-4FBF-8213-6B08D391819A}.Release|Any CPU.Build.0 = Release|Any CPU
		{C3282D53-1FF2-400C-B985-CF0B1D19A002}.Debug|Any CPU.ActiveCfg = Debug|Any CPU
		{C3282D53-1FF2-400C-B985-CF0B1D19A002}.Debug|Any CPU.Build.0 = Debug|Any CPU
		{C3282D53-1FF2-400C-B985-CF0B1D19A002}.Release|Any CPU.ActiveCfg = Release|Any CPU
		{C3282D53-1FF2-400C-B985-CF0B1D19A002}.Release|Any CPU.Build.0 = Release|Any CPU
		{BE1700B3-5E64-4C7F-BF8C-36DEFA99762A}.Debug|Any CPU.ActiveCfg = Debug|Any CPU
		{BE1700B3-5E64-4C7F-BF8C-36DEFA99762A}.Debug|Any CPU.Build.0 = Debug|Any CPU
		{BE1700B3-5E64-4C7F-BF8C-36DEFA99762A}.Release|Any CPU.ActiveCfg = Release|Any CPU
		{BE1700B3-5E64-4C7F-BF8C-36DEFA99762A}.Release|Any CPU.Build.0 = Release|Any CPU
		{A30EA8BB-D130-4686-8200-4148F80B8825}.Debug|Any CPU.ActiveCfg = Debug|Any CPU
		{A30EA8BB-D130-4686-8200-4148F80B8825}.Debug|Any CPU.Build.0 = Debug|Any CPU
		{A30EA8BB-D130-4686-8200-4148F80B8825}.Release|Any CPU.ActiveCfg = Release|Any CPU
		{A30EA8BB-D130-4686-8200-4148F80B8825}.Release|Any CPU.Build.0 = Release|Any CPU
		{9A4E9FF5-B932-49F5-A5A7-C64CD0A24611}.Debug|Any CPU.ActiveCfg = Debug|Any CPU
		{9A4E9FF5-B932-49F5-A5A7-C64CD0A24611}.Debug|Any CPU.Build.0 = Debug|Any CPU
		{9A4E9FF5-B932-49F5-A5A7-C64CD0A24611}.Release|Any CPU.ActiveCfg = Release|Any CPU
		{9A4E9FF5-B932-49F5-A5A7-C64CD0A24611}.Release|Any CPU.Build.0 = Release|Any CPU
		{82922D0C-932D-4883-819B-84C39146C757}.Debug|Any CPU.ActiveCfg = Debug|Any CPU
		{82922D0C-932D-4883-819B-84C39146C757}.Debug|Any CPU.Build.0 = Debug|Any CPU
		{82922D0C-932D-4883-819B-84C39146C757}.Release|Any CPU.ActiveCfg = Release|Any CPU
		{82922D0C-932D-4883-819B-84C39146C757}.Release|Any CPU.Build.0 = Release|Any CPU
		{9F5A9835-0C71-406A-A640-AE3A2D651FE3}.Debug|Any CPU.ActiveCfg = Debug|Any CPU
		{9F5A9835-0C71-406A-A640-AE3A2D651FE3}.Debug|Any CPU.Build.0 = Debug|Any CPU
		{9F5A9835-0C71-406A-A640-AE3A2D651FE3}.Release|Any CPU.ActiveCfg = Release|Any CPU
		{9F5A9835-0C71-406A-A640-AE3A2D651FE3}.Release|Any CPU.Build.0 = Release|Any CPU
		{01A2F39A-EFDB-4925-8627-45081750E63A}.Debug|Any CPU.ActiveCfg = Debug|Any CPU
		{01A2F39A-EFDB-4925-8627-45081750E63A}.Debug|Any CPU.Build.0 = Debug|Any CPU
		{01A2F39A-EFDB-4925-8627-45081750E63A}.Release|Any CPU.ActiveCfg = Release|Any CPU
		{01A2F39A-EFDB-4925-8627-45081750E63A}.Release|Any CPU.Build.0 = Release|Any CPU
		{9CFFBCEE-75CD-4E68-86A1-7CF9AC6930F7}.Debug|Any CPU.ActiveCfg = Debug|Any CPU
		{9CFFBCEE-75CD-4E68-86A1-7CF9AC6930F7}.Debug|Any CPU.Build.0 = Debug|Any CPU
		{9CFFBCEE-75CD-4E68-86A1-7CF9AC6930F7}.Release|Any CPU.ActiveCfg = Release|Any CPU
		{9CFFBCEE-75CD-4E68-86A1-7CF9AC6930F7}.Release|Any CPU.Build.0 = Release|Any CPU
	EndGlobalSection
	GlobalSection(SolutionProperties) = preSolution
		HideSolutionNode = FALSE
	EndGlobalSection
EndGlobal
